
Microsoft Visual Studio Solution File, Format Version 12.00
# Visual Studio Version 17
VisualStudioVersion = 17.7.34031.279
MinimumVisualStudioVersion = 10.0.40219.1
Project("{FAE04EC0-301F-11D3-BF4B-00C04F79EFBC}") = "BlazorAppCarrossel", "BlazorAppCarrossel\BlazorAppCarrossel.csproj", "{3675E464-B078-454A-B6BC-C4291B7EC95B}"
EndProject
Global
	GlobalSection(SolutionConfigurationPlatforms) = preSolution
		Debug|Any CPU = Debug|Any CPU
		Release|Any CPU = Release|Any CPU
	EndGlobalSection
	GlobalSection(ProjectConfigurationPlatforms) = postSolution
		{3675E464-B078-454A-B6BC-C4291B7EC95B}.Debug|Any CPU.ActiveCfg = Debug|Any CPU
		{3675E464-B078-454A-B6BC-C4291B7EC95B}.Debug|Any CPU.Build.0 = Debug|Any CPU
		{3675E464-B078-454A-B6BC-C4291B7EC95B}.Release|Any CPU.ActiveCfg = Release|Any CPU
		{3675E464-B078-454A-B6BC-C4291B7EC95B}.Release|Any CPU.Build.0 = Release|Any CPU
	EndGlobalSection
	GlobalSection(SolutionProperties) = preSolution
		HideSolutionNode = FALSE
	EndGlobalSection
	GlobalSection(ExtensibilityGlobals) = postSolution
		SolutionGuid = {465636B2-3604-469D-849E-56283360E602}
	EndGlobalSection
EndGlobal
